
Microsoft Visual Studio Solution File, Format Version 12.00
# Visual Studio Version 17
VisualStudioVersion = 17.6.33801.468
MinimumVisualStudioVersion = 10.0.40219.1
Project("{FAE04EC0-301F-11D3-BF4B-00C04F79EFBC}") = "Bai1", "Bai1\Bai1.csproj", "{E6BB6953-9E0E-4C7F-9FED-A4BD54E32BFF}"
EndProject
Project("{FAE04EC0-301F-11D3-BF4B-00C04F79EFBC}") = "Bai2", "Bai2\Bai2.csproj", "{B36F68F3-2C8F-47D2-B8C3-7EF461D57F49}"
EndProject
Global
	GlobalSection(SolutionConfigurationPlatforms) = preSolution
		Debug|Any CPU = Debug|Any CPU
		Release|Any CPU = Release|Any CPU
	EndGlobalSection
	GlobalSection(ProjectConfigurationPlatforms) = postSolution
		{E6BB6953-9E0E-4C7F-9FED-A4BD54E32BFF}.Debug|Any CPU.ActiveCfg = Debug|Any CPU
		{E6BB6953-9E0E-4C7F-9FED-A4BD54E32BFF}.Debug|Any CPU.Build.0 = Debug|Any CPU
		{E6BB6953-9E0E-4C7F-9FED-A4BD54E32BFF}.Release|Any CPU.ActiveCfg = Release|Any CPU
		{E6BB6953-9E0E-4C7F-9FED-A4BD54E32BFF}.Release|Any CPU.Build.0 = Release|Any CPU
		{B36F68F3-2C8F-47D2-B8C3-7EF461D57F49}.Debug|Any CPU.ActiveCfg = Debug|Any CPU
		{B36F68F3-2C8F-47D2-B8C3-7EF461D57F49}.Debug|Any CPU.Build.0 = Debug|Any CPU
		{B36F68F3-2C8F-47D2-B8C3-7EF461D57F49}.Release|Any CPU.ActiveCfg = Release|Any CPU
		{B36F68F3-2C8F-47D2-B8C3-7EF461D57F49}.Release|Any CPU.Build.0 = Release|Any CPU
	EndGlobalSection
	GlobalSection(SolutionProperties) = preSolution
		HideSolutionNode = FALSE
	EndGlobalSection
	GlobalSection(ExtensibilityGlobals) = postSolution
		SolutionGuid = {E476CC06-E90F-408B-A179-1AEDFB9FDF4F}
	EndGlobalSection
EndGlobal
